
Microsoft Visual Studio Solution File, Format Version 12.00
# Visual Studio Version 17
VisualStudioVersion = 17.4.33213.308
MinimumVisualStudioVersion = 10.0.40219.1
Project("{FAE04EC0-301F-11D3-BF4B-00C04F79EFBC}") = "RouteManager", "src\RouteManager\RouteManager.csproj", "{CF85C9BA-949C-4424-8692-B323D61DEAE1}"
EndProject
Global
	GlobalSection(SolutionConfigurationPlatforms) = preSolution
		Debug|Any CPU = Debug|Any CPU
		Release|Any CPU = Release|Any CPU
	EndGlobalSection
	GlobalSection(ProjectConfigurationPlatforms) = postSolution
		{CF85C9BA-949C-4424-8692-B323D61DEAE1}.Debug|Any CPU.ActiveCfg = Debug|Any CPU
		{CF85C9BA-949C-4424-8692-B323D61DEAE1}.Debug|Any CPU.Build.0 = Debug|Any CPU
		{CF85C9BA-949C-4424-8692-B323D61DEAE1}.Release|Any CPU.ActiveCfg = Release|Any CPU
		{CF85C9BA-949C-4424-8692-B323D61DEAE1}.Release|Any CPU.Build.0 = Release|Any CPU
	EndGlobalSection
	GlobalSection(SolutionProperties) = preSolution
		HideSolutionNode = FALSE
	EndGlobalSection
	GlobalSection(ExtensibilityGlobals) = postSolution
		SolutionGuid = {7815C23A-C56C-407A-AFDD-DE1653787126}
	EndGlobalSection
EndGlobal
